// !$*UTF8*$!
{
	archiveVersion = 1;
	classes = {
	};
	objectVersion = 50;
	objects = {

/* Begin PBXBuildFile section */
		10B99612218B732300F0EF55 /* AppDelegate.swift in Sources */ = {isa = PBXBuildFile; fileRef = 10B99611218B732300F0EF55 /* AppDelegate.swift */; };
		10B99614218B732300F0EF55 /* DrawingViewController.swift in Sources */ = {isa = PBXBuildFile; fileRef = 10B99613218B732300F0EF55 /* DrawingViewController.swift */; };
		10B99617218B732300F0EF55 /* Main.storyboard in Resources */ = {isa = PBXBuildFile; fileRef = 10B99615218B732300F0EF55 /* Main.storyboard */; };
		10B99619218B732400F0EF55 /* Assets.xcassets in Resources */ = {isa = PBXBuildFile; fileRef = 10B99618218B732400F0EF55 /* Assets.xcassets */; };
		10B9961C218B732400F0EF55 /* LaunchScreen.storyboard in Resources */ = {isa = PBXBuildFile; fileRef = 10B9961A218B732400F0EF55 /* LaunchScreen.storyboard */; };
		10BC2AFF21937216008A4D93 /* ArtCollectionViewController.swift in Sources */ = {isa = PBXBuildFile; fileRef = 10BC2AFE21937216008A4D93 /* ArtCollectionViewController.swift */; };
		10BC2B02219377F5008A4D93 /* DrawingView.swift in Sources */ = {isa = PBXBuildFile; fileRef = 10BC2B01219377F5008A4D93 /* DrawingView.swift */; };
/* End PBXBuildFile section */

/* Begin PBXFileReference section */
		10B9960E218B732300F0EF55 /* DrawingProject.app */ = {isa = PBXFileReference; explicitFileType = wrapper.application; includeInIndex = 0; path = DrawingProject.app; sourceTree = BUILT_PRODUCTS_DIR; };
		10B99611218B732300F0EF55 /* AppDelegate.swift */ = {isa = PBXFileReference; lastKnownFileType = sourcecode.swift; path = AppDelegate.swift; sourceTree = "<group>"; };
		10B99613218B732300F0EF55 /* DrawingViewController.swift */ = {isa = PBXFileReference; lastKnownFileType = sourcecode.swift; path = DrawingViewController.swift; sourceTree = "<group>"; };
		10B99616218B732300F0EF55 /* Base */ = {isa = PBXFileReference; lastKnownFileType = file.storyboard; name = Base; path = Base.lproj/Main.storyboard; sourceTree = "<group>"; };
		10B99618218B732400F0EF55 /* Assets.xcassets */ = {isa = PBXFileReference; lastKnownFileType = folder.assetcatalog; path = Assets.xcassets; sourceTree = "<group>"; };
		10B9961B218B732400F0EF55 /* Base */ = {isa = PBXFileReference; lastKnownFileType = file.storyboard; name = Base; path = Base.lproj/LaunchScreen.storyboard; sourceTree = "<group>"; };
		10B9961D218B732400F0EF55 /* Info.plist */ = {isa = PBXFileReference; lastKnownFileType = text.plist.xml; path = Info.plist; sourceTree = "<group>"; };
		10BC2AFE21937216008A4D93 /* ArtCollectionViewController.swift */ = {isa = PBXFileReference; lastKnownFileType = sourcecode.swift; path = ArtCollectionViewController.swift; sourceTree = "<group>"; };
		10BC2B01219377F5008A4D93 /* DrawingView.swift */ = {isa = PBXFileReference; lastKnownFileType = sourcecode.swift; path = DrawingView.swift; sourceTree = "<group>"; };
/* End PBXFileReference section */

/* Begin PBXFrameworksBuildPhase section */
		10B9960B218B732300F0EF55 /* Frameworks */ = {
			isa = PBXFrameworksBuildPhase;
			buildActionMask = 2147483647;
			files = (
			);
			runOnlyForDeploymentPostprocessing = 0;
		};
/* End PBXFrameworksBuildPhase section */

/* Begin PBXGroup section */
		10B99605218B732300F0EF55 = {
			isa = PBXGroup;
			children = (
				10B99610218B732300F0EF55 /* DrawingProject */,
				10B9960F218B732300F0EF55 /* Products */,
			);
			sourceTree = "<group>";
		};
		10B9960F218B732300F0EF55 /* Products */ = {
			isa = PBXGroup;
			children = (
				10B9960E218B732300F0EF55 /* DrawingProject.app */,
			);
			name = Products;
			sourceTree = "<group>";
		};
		10B99610218B732300F0EF55 /* DrawingProject */ = {
			isa = PBXGroup;
			children = (
				10B99624218B73F500F0EF55 /* Resources */,
				10B99625218B742400F0EF55 /* Controller */,
				10B99623218B73C600F0EF55 /* View */,
			);
			path = DrawingProject;
			sourceTree = "<group>";
		};
		10B99623218B73C600F0EF55 /* View */ = {
			isa = PBXGroup;
			children = (
				10B99615218B732300F0EF55 /* Main.storyboard */,
				10B9961A218B732400F0EF55 /* LaunchScreen.storyboard */,
				10BC2B01219377F5008A4D93 /* DrawingView.swift */,
			);
			path = View;
			sourceTree = "<group>";
		};
		10B99624218B73F500F0EF55 /* Resources */ = {
			isa = PBXGroup;
			children = (
				10B99611218B732300F0EF55 /* AppDelegate.swift */,
				10B99618218B732400F0EF55 /* Assets.xcassets */,
				10B9961D218B732400F0EF55 /* Info.plist */,
			);
			path = Resources;
			sourceTree = "<group>";
		};
		10B99625218B742400F0EF55 /* Controller */ = {
			isa = PBXGroup;
			children = (
				10B99613218B732300F0EF55 /* DrawingViewController.swift */,
				10BC2AFE21937216008A4D93 /* ArtCollectionViewController.swift */,
			);
			path = Controller;
			sourceTree = "<group>";
		};
/* End PBXGroup section */

/* Begin PBXNativeTarget section */
		10B9960D218B732300F0EF55 /* DrawingProject */ = {
			isa = PBXNativeTarget;
			buildConfigurationList = 10B99620218B732400F0EF55 /* Build configuration list for PBXNativeTarget "DrawingProject" */;
			buildPhases = (
				10B9960A218B732300F0EF55 /* Sources */,
				10B9960B218B732300F0EF55 /* Frameworks */,
				10B9960C218B732300F0EF55 /* Resources */,
			);
			buildRules = (
			);
			dependencies = (
			);
			name = DrawingProject;
			productName = DrawingProject;
			productReference = 10B9960E218B732300F0EF55 /* DrawingProject.app */;
			productType = "com.apple.product-type.application";
		};
/* End PBXNativeTarget section */

/* Begin PBXProject section */
		10B99606218B732300F0EF55 /* Project object */ = {
			isa = PBXProject;
			attributes = {
				LastSwiftUpdateCheck = 0940;
				LastUpgradeCheck = 0940;
				ORGANIZATIONNAME = Ctec;
				TargetAttributes = {
					10B9960D218B732300F0EF55 = {
						CreatedOnToolsVersion = 9.4.1;
					};
				};
			};
			buildConfigurationList = 10B99609218B732300F0EF55 /* Build configuration list for PBXProject "DrawingProject" */;
			compatibilityVersion = "Xcode 9.3";
			developmentRegion = en;
			hasScannedForEncodings = 0;
			knownRegions = (
				en,
				Base,
			);
			mainGroup = 10B99605218B732300F0EF55;
			productRefGroup = 10B9960F218B732300F0EF55 /* Products */;
			projectDirPath = "";
			projectRoot = "";
			targets = (
				10B9960D218B732300F0EF55 /* DrawingProject */,
			);
		};
/* End PBXProject section */

/* Begin PBXResourcesBuildPhase section */
		10B9960C218B732300F0EF55 /* Resources */ = {
			isa = PBXResourcesBuildPhase;
			buildActionMask = 2147483647;
			files = (
				10B9961C218B732400F0EF55 /* LaunchScreen.storyboard in Resources */,
				10B99619218B732400F0EF55 /* Assets.xcassets in Resources */,
				10B99617218B732300F0EF55 /* Main.storyboard in Resources */,
			);
			runOnlyForDeploymentPostprocessing = 0;
		};
/* End PBXResourcesBuildPhase section */

/* Begin PBXSourcesBuildPhase section */
		10B9960A218B732300F0EF55 /* Sources */ = {
			isa = PBXSourcesBuildPhase;
			buildActionMask = 2147483647;
			files = (
				10B99614218B732300F0EF55 /* DrawingViewController.swift in Sources */,
				10BC2AFF21937216008A4D93 /* ArtCollectionViewController.swift in Sources */,
				10B99612218B732300F0EF55 /* AppDelegate.swift in Sources */,
				10BC2B02219377F5008A4D93 /* DrawingView.swift in Sources */,
			);
			runOnlyForDeploymentPostprocessing = 0;
		};
/* End PBXSourcesBuildPhase section */

/* Begin PBXVariantGroup section */
		10B99615218B732300F0EF55 /* Main.storyboard */ = {
			isa = PBXVariantGroup;
			children = (
				10B99616218B732300F0EF55 /* Base */,
			);
			name = Main.storyboard;
			sourceTree = "<group>";
		};
		10B9961A218B732400F0EF55 /* LaunchScreen.storyboard */ = {
			isa = PBXVariantGroup;
			children = (
				10B9961B218B732400F0EF55 /* Base */,
			);
			name = LaunchScreen.storyboard;
			sourceTree = "<group>";
		};
/* End PBXVariantGroup section */

/* Begin XCBuildConfiguration section */
		10B9961E218B732400F0EF55 /* Debug */ = {
			isa = XCBuildConfiguration;
			buildSettings = {
				ALWAYS_SEARCH_USER_PATHS = NO;
				CLANG_ANALYZER_NONNULL = YES;
				CLANG_ANALYZER_NUMBER_OBJECT_CONVERSION = YES_AGGRESSIVE;
				CLANG_CXX_LANGUAGE_STANDARD = "gnu++14";
				CLANG_CXX_LIBRARY = "libc++";
				CLANG_ENABLE_MODULES = YES;
				CLANG_ENABLE_OBJC_ARC = YES;
				CLANG_ENABLE_OBJC_WEAK = YES;
				CLANG_WARN_BLOCK_CAPTURE_AUTORELEASING = YES;
				CLANG_WARN_BOOL_CONVERSION = YES;
				CLANG_WARN_COMMA = YES;
				CLANG_WARN_CONSTANT_CONVERSION = YES;
				CLANG_WARN_DEPRECATED_OBJC_IMPLEMENTATIONS = YES;
				CLANG_WARN_DIRECT_OBJC_ISA_USAGE = YES_ERROR;
				CLANG_WARN_DOCUMENTATION_COMMENTS = YES;
				CLANG_WARN_EMPTY_BODY = YES;
				CLANG_WARN_ENUM_CONVERSION = YES;
				CLANG_WARN_INFINITE_RECURSION = YES;
				CLANG_WARN_INT_CONVERSION = YES;
				CLANG_WARN_NON_LITERAL_NULL_CONVERSION = YES;
				CLANG_WARN_OBJC_IMPLICIT_RETAIN_SELF = YES;
				CLANG_WARN_OBJC_LITERAL_CONVERSION = YES;
				CLANG_WARN_OBJC_ROOT_CLASS = YES_ERROR;
				CLANG_WARN_RANGE_LOOP_ANALYSIS = YES;
				CLANG_WARN_STRICT_PROTOTYPES = YES;
				CLANG_WARN_SUSPICIOUS_MOVE = YES;
				CLANG_WARN_UNGUARDED_AVAILABILITY = YES_AGGRESSIVE;
				CLANG_WARN_UNREACHABLE_CODE = YES;
				CLANG_WARN__DUPLICATE_METHOD_MATCH = YES;
				CODE_SIGN_IDENTITY = "iPhone Developer";
				COPY_PHASE_STRIP = NO;
				DEBUG_INFORMATION_FORMAT = dwarf;
				ENABLE_STRICT_OBJC_MSGSEND = YES;
				ENABLE_TESTABILITY = YES;
				GCC_C_LANGUAGE_STANDARD = gnu11;
				GCC_DYNAMIC_NO_PIC = NO;
				GCC_NO_COMMON_BLOCKS = YES;
				GCC_OPTIMIZATION_LEVEL = 0;
				GCC_PREPROCESSOR_DEFINITIONS = (
					"DEBUG=1",
					"$(inherited)",
				);
				GCC_WARN_64_TO_32_BIT_CONVERSION = YES;
				GCC_WARN_ABOUT_RETURN_TYPE = YES_ERROR;
				GCC_WARN_UNDECLARED_SELECTOR = YES;
				GCC_WARN_UNINITIALIZED_AUTOS = YES_AGGRESSIVE;
				GCC_WARN_UNUSED_FUNCTION = YES;
				GCC_WARN_UNUSED_VARIABLE = YES;
				IPHONEOS_DEPLOYMENT_TARGET = 11.4;
				MTL_ENABLE_DEBUG_INFO = YES;
				ONLY_ACTIVE_ARCH = YES;
				SDKROOT = iphoneos;
				SWIFT_ACTIVE_COMPILATION_CONDITIONS = DEBUG;
				SWIFT_OPTIMIZATION_LEVEL = "-Onone";
			};
			name = Debug;
		};
		10B9961F218B732400F0EF55 /* Release */ = {
			isa = XCBuildConfiguration;
			buildSettings = {
				ALWAYS_SEARCH_USER_PATHS = NO;
				CLANG_ANALYZER_NONNULL = YES;
				CLANG_ANALYZER_NUMBER_OBJECT_CONVERSION = YES_AGGRESSIVE;
				CLANG_CXX_LANGUAGE_STANDARD = "gnu++14";
				CLANG_CXX_LIBRARY = "libc++";
				CLANG_ENABLE_MODULES = YES;
				CLANG_ENABLE_OBJC_ARC = YES;
				CLANG_ENABLE_OBJC_WEAK = YES;
				CLANG_WARN_BLOCK_CAPTURE_AUTORELEASING = YES;
				CLANG_WARN_BOOL_CONVERSION = YES;
				CLANG_WARN_COMMA = YES;
				CLANG_WARN_CONSTANT_CONVERSION = YES;
				CLANG_WARN_DEPRECATED_OBJC_IMPLEMENTATIONS = YES;
				CLANG_WARN_DIRECT_OBJC_ISA_USAGE = YES_ERROR;
				CLANG_WARN_DOCUMENTATION_COMMENTS = YES;
				CLANG_WARN_EMPTY_BODY = YES;
				CLANG_WARN_ENUM_CONVERSION = YES;
				CLANG_WARN_INFINITE_RECURSION = YES;
				CLANG_WARN_INT_CONVERSION = YES;
				CLANG_WARN_NON_LITERAL_NULL_CONVERSION = YES;
				CLANG_WARN_OBJC_IMPLICIT_RETAIN_SELF = YES;
				CLANG_WARN_OBJC_LITERAL_CONVERSION = YES;
				CLANG_WARN_OBJC_ROOT_CLASS = YES_ERROR;
				CLANG_WARN_RANGE_LOOP_ANALYSIS = YES;
				CLANG_WARN_STRICT_PROTOTYPES = YES;
				CLANG_WARN_SUSPICIOUS_MOVE = YES;
				CLANG_WARN_UNGUARDED_AVAILABILITY = YES_AGGRESSIVE;
				CLANG_WARN_UNREACHABLE_CODE = YES;
				CLANG_WARN__DUPLICATE_METHOD_MATCH = YES;
				CODE_SIGN_IDENTITY = "iPhone Developer";
				COPY_PHASE_STRIP = NO;
				DEBUG_INFORMATION_FORMAT = "dwarf-with-dsym";
				ENABLE_NS_ASSERTIONS = NO;
				ENABLE_STRICT_OBJC_MSGSEND = YES;
				GCC_C_LANGUAGE_STANDARD = gnu11;
				GCC_NO_COMMON_BLOCKS = YES;
				GCC_WARN_64_TO_32_BIT_CONVERSION = YES;
				GCC_WARN_ABOUT_RETURN_TYPE = YES_ERROR;
				GCC_WARN_UNDECLARED_SELECTOR = YES;
				GCC_WARN_UNINITIALIZED_AUTOS = YES_AGGRESSIVE;
				GCC_WARN_UNUSED_FUNCTION = YES;
				GCC_WARN_UNUSED_VARIABLE = YES;
				IPHONEOS_DEPLOYMENT_TARGET = 11.4;
				MTL_ENABLE_DEBUG_INFO = NO;
				SDKROOT = iphoneos;
				SWIFT_COMPILATION_MODE = wholemodule;
				SWIFT_OPTIMIZATION_LEVEL = "-O";
				VALIDATE_PRODUCT = YES;
			};
			name = Release;
		};
		10B99621218B732400F0EF55 /* Debug */ = {
			isa = XCBuildConfiguration;
			buildSettings = {
				ASSETCATALOG_COMPILER_APPICON_NAME = AppIcon;
				CODE_SIGN_STYLE = Automatic;
				INFOPLIST_FILE = "$(SRCROOT)/DrawingProject/Resources/Info.plist";
				LD_RUNPATH_SEARCH_PATHS = (
					"$(inherited)",
					"@executable_path/Frameworks",
				);
				PRODUCT_BUNDLE_IDENTIFIER = Ctec.DrawingProject;
				PRODUCT_NAME = "$(TARGET_NAME)";
				SWIFT_VERSION = 4.0;
				TARGETED_DEVICE_FAMILY = "1,2";
			};
			name = Debug;
		};
		10B99622218B732400F0EF55 /* Release */ = {
			isa = XCBuildConfiguration;
			buildSettings = {
				ASSETCATALOG_COMPILER_APPICON_NAME = AppIcon;
				CODE_SIGN_STYLE = Automatic;
				INFOPLIST_FILE = "$(SRCROOT)/DrawingProject/Resources/Info.plist";
				LD_RUNPATH_SEARCH_PATHS = (
					"$(inherited)",
					"@executable_path/Frameworks",
				);
				PRODUCT_BUNDLE_IDENTIFIER = Ctec.DrawingProject;
				PRODUCT_NAME = "$(TARGET_NAME)";
				SWIFT_VERSION = 4.0;
				TARGETED_DEVICE_FAMILY = "1,2";
			};
			name = Release;
		};
/* End XCBuildConfiguration section */

/* Begin XCConfigurationList section */
		10B99609218B732300F0EF55 /* Build configuration list for PBXProject "DrawingProject" */ = {
			isa = XCConfigurationList;
			buildConfigurations = (
				10B9961E218B732400F0EF55 /* Debug */,
				10B9961F218B732400F0EF55 /* Release */,
			);
			defaultConfigurationIsVisible = 0;
			defaultConfigurationName = Release;
		};
		10B99620218B732400F0EF55 /* Build configuration list for PBXNativeTarget "DrawingProject" */ = {
			isa = XCConfigurationList;
			buildConfigurations = (
				10B99621218B732400F0EF55 /* Debug */,
				10B99622218B732400F0EF55 /* Release */,
			);
			defaultConfigurationIsVisible = 0;
			defaultConfigurationName = Release;
		};
/* End XCConfigurationList section */
	};
	rootObject = 10B99606218B732300F0EF55 /* Project object */;
}
